
Microsoft Visual Studio Solution File, Format Version 12.00
# Visual Studio Version 17
VisualStudioVersion = 17.5.33627.172
MinimumVisualStudioVersion = 10.0.40219.1
Project("{8BC9CEB8-8B4A-11D0-8D11-00A0C91BC942}") = "CadExchanger.App", "CadExchanger.App\CadExchanger.App.vcxproj", "{943BEA76-3F23-4120-B1C8-FB4602B713B6}"
	ProjectSection(ProjectDependencies) = postProject
		{484B0D9A-AC5C-4D7E-A4DE-4AD805E7C54D} = {484B0D9A-AC5C-4D7E-A4DE-4AD805E7C54D}
	EndProjectSection
EndProject
Project("{8BC9CEB8-8B4A-11D0-8D11-00A0C91BC942}") = "CadExchanger.Lib", "CadExchanger.Lib\CadExchanger.Lib.vcxproj", "{484B0D9A-AC5C-4D7E-A4DE-4AD805E7C54D}"
EndProject
Global
	GlobalSection(SolutionConfigurationPlatforms) = preSolution
		Debug|x64 = Debug|x64
		Debug|x86 = Debug|x86
		Release|x64 = Release|x64
		Release|x86 = Release|x86
	EndGlobalSection
	GlobalSection(ProjectConfigurationPlatforms) = postSolution
		{943BEA76-3F23-4120-B1C8-FB4602B713B6}.Debug|x64.ActiveCfg = Debug|x64
		{943BEA76-3F23-4120-B1C8-FB4602B713B6}.Debug|x64.Build.0 = Debug|x64
		{943BEA76-3F23-4120-B1C8-FB4602B713B6}.Debug|x86.ActiveCfg = Debug|Win32
		{943BEA76-3F23-4120-B1C8-FB4602B713B6}.Debug|x86.Build.0 = Debug|Win32
		{943BEA76-3F23-4120-B1C8-FB4602B713B6}.Release|x64.ActiveCfg = Release|x64
		{943BEA76-3F23-4120-B1C8-FB4602B713B6}.Release|x64.Build.0 = Release|x64
		{943BEA76-3F23-4120-B1C8-FB4602B713B6}.Release|x86.ActiveCfg = Release|Win32
		{943BEA76-3F23-4120-B1C8-FB4602B713B6}.Release|x86.Build.0 = Release|Win32
		{484B0D9A-AC5C-4D7E-A4DE-4AD805E7C54D}.Debug|x64.ActiveCfg = Debug|x64
		{484B0D9A-AC5C-4D7E-A4DE-4AD805E7C54D}.Debug|x64.Build.0 = Debug|x64
		{484B0D9A-AC5C-4D7E-A4DE-4AD805E7C54D}.Debug|x86.ActiveCfg = Debug|Win32
		{484B0D9A-AC5C-4D7E-A4DE-4AD805E7C54D}.Debug|x86.Build.0 = Debug|Win32
		{484B0D9A-AC5C-4D7E-A4DE-4AD805E7C54D}.Release|x64.ActiveCfg = Release|x64
		{484B0D9A-AC5C-4D7E-A4DE-4AD805E7C54D}.Release|x64.Build.0 = Release|x64
		{484B0D9A-AC5C-4D7E-A4DE-4AD805E7C54D}.Release|x86.ActiveCfg = Release|Win32
		{484B0D9A-AC5C-4D7E-A4DE-4AD805E7C54D}.Release|x86.Build.0 = Release|Win32
	EndGlobalSection
	GlobalSection(SolutionProperties) = preSolution
		HideSolutionNode = FALSE
	EndGlobalSection
	GlobalSection(ExtensibilityGlobals) = postSolution
		SolutionGuid = {B7A4DF29-C1CC-4875-97D2-2B3D3879A60D}
	EndGlobalSection
EndGlobal
